
Microsoft Visual Studio Solution File, Format Version 12.00
# Visual Studio for Mac
Project("{FAE04EC0-301F-11D3-BF4B-00C04F79EFBC}") = "Assembly-CSharp", "Assembly-CSharp.csproj", "{04E17379-CC6A-B380-128F-4931658F5370}"
EndProject
Project("{FAE04EC0-301F-11D3-BF4B-00C04F79EFBC}") = "Assembly-CSharp-firstpass", "Assembly-CSharp-firstpass.csproj", "{23B9CFD5-FE97-AD39-AFAA-CAE4586096FF}"
EndProject
Project("{FAE04EC0-301F-11D3-BF4B-00C04F79EFBC}") = "Assembly-CSharp-Editor", "Assembly-CSharp-Editor.csproj", "{4811F215-6AAD-9560-D368-492E5AB2FAC0}"
EndProject
Global
	GlobalSection(SolutionConfigurationPlatforms) = preSolution
		Debug|Any CPU = Debug|Any CPU
		Release|Any CPU = Release|Any CPU
	EndGlobalSection
	GlobalSection(ProjectConfigurationPlatforms) = postSolution
		{04E17379-CC6A-B380-128F-4931658F5370}.Debug|Any CPU.ActiveCfg = Debug|Any CPU
		{04E17379-CC6A-B380-128F-4931658F5370}.Debug|Any CPU.Build.0 = Debug|Any CPU
		{04E17379-CC6A-B380-128F-4931658F5370}.Release|Any CPU.ActiveCfg = Release|Any CPU
		{04E17379-CC6A-B380-128F-4931658F5370}.Release|Any CPU.Build.0 = Release|Any CPU
		{23B9CFD5-FE97-AD39-AFAA-CAE4586096FF}.Debug|Any CPU.ActiveCfg = Debug|Any CPU
		{23B9CFD5-FE97-AD39-AFAA-CAE4586096FF}.Debug|Any CPU.Build.0 = Debug|Any CPU
		{23B9CFD5-FE97-AD39-AFAA-CAE4586096FF}.Release|Any CPU.ActiveCfg = Release|Any CPU
		{23B9CFD5-FE97-AD39-AFAA-CAE4586096FF}.Release|Any CPU.Build.0 = Release|Any CPU
		{4811F215-6AAD-9560-D368-492E5AB2FAC0}.Debug|Any CPU.ActiveCfg = Debug|Any CPU
		{4811F215-6AAD-9560-D368-492E5AB2FAC0}.Debug|Any CPU.Build.0 = Debug|Any CPU
		{4811F215-6AAD-9560-D368-492E5AB2FAC0}.Release|Any CPU.ActiveCfg = Release|Any CPU
		{4811F215-6AAD-9560-D368-492E5AB2FAC0}.Release|Any CPU.Build.0 = Release|Any CPU
	EndGlobalSection
	GlobalSection(SolutionProperties) = preSolution
		HideSolutionNode = FALSE
	EndGlobalSection
EndGlobal
